
Microsoft Visual Studio Solution File, Format Version 12.00
# Visual Studio Version 17
VisualStudioVersion = 17.7.34024.191
MinimumVisualStudioVersion = 10.0.40219.1
Project("{9A19103F-16F7-4668-BE54-9A1E7A4F7556}") = "UnrestrictedAgeAdvances", "UnrestrictedAgeAdvances.csproj", "{2F536390-96BC-4646-B7FC-57CF722ED1AA}"
EndProject
Global
	GlobalSection(SolutionConfigurationPlatforms) = preSolution
		Debug|Any CPU = Debug|Any CPU
		Release|Any CPU = Release|Any CPU
	EndGlobalSection
	GlobalSection(ProjectConfigurationPlatforms) = postSolution
		{2F536390-96BC-4646-B7FC-57CF722ED1AA}.Debug|Any CPU.ActiveCfg = Debug|Any CPU
		{2F536390-96BC-4646-B7FC-57CF722ED1AA}.Debug|Any CPU.Build.0 = Debug|Any CPU
		{2F536390-96BC-4646-B7FC-57CF722ED1AA}.Release|Any CPU.ActiveCfg = Release|Any CPU
		{2F536390-96BC-4646-B7FC-57CF722ED1AA}.Release|Any CPU.Build.0 = Release|Any CPU
	EndGlobalSection
	GlobalSection(SolutionProperties) = preSolution
		HideSolutionNode = FALSE
	EndGlobalSection
	GlobalSection(ExtensibilityGlobals) = postSolution
		SolutionGuid = {B2937EE5-1203-48C5-A872-53715613352B}
	EndGlobalSection
EndGlobal
